// !$*UTF8*$!
{
	archiveVersion = 1;
	classes = {
	};
	objectVersion = 46;
	objects = {

/* Begin PBXBuildFile section */
		F48EFB921C575B8B006D2669 /* AppDelegate.swift in Sources */ = {isa = PBXBuildFile; fileRef = F48EFB911C575B8B006D2669 /* AppDelegate.swift */; };
		F48EFB941C575B8B006D2669 /* ViewController.swift in Sources */ = {isa = PBXBuildFile; fileRef = F48EFB931C575B8B006D2669 /* ViewController.swift */; };
		F48EFB971C575B8B006D2669 /* Main.storyboard in Resources */ = {isa = PBXBuildFile; fileRef = F48EFB951C575B8B006D2669 /* Main.storyboard */; };
		F48EFB991C575B8B006D2669 /* Assets.xcassets in Resources */ = {isa = PBXBuildFile; fileRef = F48EFB981C575B8B006D2669 /* Assets.xcassets */; };
		F48EFB9C1C575B8B006D2669 /* LaunchScreen.storyboard in Resources */ = {isa = PBXBuildFile; fileRef = F48EFB9A1C575B8B006D2669 /* LaunchScreen.storyboard */; };
/* End PBXBuildFile section */

/* Begin PBXFileReference section */
		F48EFB8E1C575B8B006D2669 /* SuperCool.app */ = {isa = PBXFileReference; explicitFileType = wrapper.application; includeInIndex = 0; path = SuperCool.app; sourceTree = BUILT_PRODUCTS_DIR; };
		F48EFB911C575B8B006D2669 /* AppDelegate.swift */ = {isa = PBXFileReference; lastKnownFileType = sourcecode.swift; path = AppDelegate.swift; sourceTree = "<group>"; };
		F48EFB931C575B8B006D2669 /* ViewController.swift */ = {isa = PBXFileReference; lastKnownFileType = sourcecode.swift; path = ViewController.swift; sourceTree = "<group>"; };
		F48EFB961C575B8B006D2669 /* Base */ = {isa = PBXFileReference; lastKnownFileType = file.storyboard; name = Base; path = Base.lproj/Main.storyboard; sourceTree = "<group>"; };
		F48EFB981C575B8B006D2669 /* Assets.xcassets */ = {isa = PBXFileReference; lastKnownFileType = folder.assetcatalog; path = Assets.xcassets; sourceTree = "<group>"; };
		F48EFB9B1C575B8B006D2669 /* Base */ = {isa = PBXFileReference; lastKnownFileType = file.storyboard; name = Base; path = Base.lproj/LaunchScreen.storyboard; sourceTree = "<group>"; };
		F48EFB9D1C575B8B006D2669 /* Info.plist */ = {isa = PBXFileReference; lastKnownFileType = text.plist.xml; path = Info.plist; sourceTree = "<group>"; };
/* End PBXFileReference section */

/* Begin PBXFrameworksBuildPhase section */
		F48EFB8B1C575B8B006D2669 /* Frameworks */ = {
			isa = PBXFrameworksBuildPhase;
			buildActionMask = 2147483647;
			files = (
			);
			runOnlyForDeploymentPostprocessing = 0;
		};
/* End PBXFrameworksBuildPhase section */

/* Begin PBXGroup section */
		F48EFB851C575B8B006D2669 = {
			isa = PBXGroup;
			children = (
				F48EFB901C575B8B006D2669 /* SuperCool */,
				F48EFB8F1C575B8B006D2669 /* Products */,
			);
			sourceTree = "<group>";
		};
		F48EFB8F1C575B8B006D2669 /* Products */ = {
			isa = PBXGroup;
			children = (
				F48EFB8E1C575B8B006D2669 /* SuperCool.app */,
			);
			name = Products;
			sourceTree = "<group>";
		};
		F48EFB901C575B8B006D2669 /* SuperCool */ = {
			isa = PBXGroup;
			children = (
				F48EFB911C575B8B006D2669 /* AppDelegate.swift */,
				F48EFB931C575B8B006D2669 /* ViewController.swift */,
				F48EFB951C575B8B006D2669 /* Main.storyboard */,
				F48EFB981C575B8B006D2669 /* Assets.xcassets */,
				F48EFB9A1C575B8B006D2669 /* LaunchScreen.storyboard */,
				F48EFB9D1C575B8B006D2669 /* Info.plist */,
			);
			path = SuperCool;
			sourceTree = "<group>";
		};
/* End PBXGroup section */

/* Begin PBXNativeTarget section */
		F48EFB8D1C575B8B006D2669 /* SuperCool */ = {
			isa = PBXNativeTarget;
			buildConfigurationList = F48EFBA01C575B8B006D2669 /* Build configuration list for PBXNativeTarget "SuperCool" */;
			buildPhases = (
				F48EFB8A1C575B8B006D2669 /* Sources */,
				F48EFB8B1C575B8B006D2669 /* Frameworks */,
				F48EFB8C1C575B8B006D2669 /* Resources */,
			);
			buildRules = (
			);
			dependencies = (
			);
			name = SuperCool;
			productName = SuperCool;
			productReference = F48EFB8E1C575B8B006D2669 /* SuperCool.app */;
			productType = "com.apple.product-type.application";
		};
/* End PBXNativeTarget section */

/* Begin PBXProject section */
		F48EFB861C575B8B006D2669 /* Project object */ = {
			isa = PBXProject;
			attributes = {
				LastSwiftUpdateCheck = 0730;
				LastUpgradeCheck = 0730;
				ORGANIZATIONNAME = "Thomas Woodfield";
				TargetAttributes = {
					F48EFB8D1C575B8B006D2669 = {
						CreatedOnToolsVersion = 7.3;
					};
				};
			};
			buildConfigurationList = F48EFB891C575B8B006D2669 /* Build configuration list for PBXProject "SuperCool" */;
			compatibilityVersion = "Xcode 3.2";
			developmentRegion = English;
			hasScannedForEncodings = 0;
			knownRegions = (
				en,
				Base,
			);
			mainGroup = F48EFB851C575B8B006D2669;
			productRefGroup = F48EFB8F1C575B8B006D2669 /* Products */;
			projectDirPath = "";
			projectRoot = "";
			targets = (
				F48EFB8D1C575B8B006D2669 /* SuperCool */,
			);
		};
/* End PBXProject section */

/* Begin PBXResourcesBuildPhase section */
		F48EFB8C1C575B8B006D2669 /* Resources */ = {
			isa = PBXResourcesBuildPhase;
			buildActionMask = 2147483647;
			files = (
				F48EFB9C1C575B8B006D2669 /* LaunchScreen.storyboard in Resources */,
				F48EFB991C575B8B006D2669 /* Assets.xcassets in Resources */,
				F48EFB971C575B8B006D2669 /* Main.storyboard in Resources */,
			);
			runOnlyForDeploymentPostprocessing = 0;
		};
/* End PBXResourcesBuildPhase section */

/* Begin PBXSourcesBuildPhase section */
		F48EFB8A1C575B8B006D2669 /* Sources */ = {
			isa = PBXSourcesBuildPhase;
			buildActionMask = 2147483647;
			files = (
				F48EFB941C575B8B006D2669 /* ViewController.swift in Sources */,
				F48EFB921C575B8B006D2669 /* AppDelegate.swift in Sources */,
			);
			runOnlyForDeploymentPostprocessing = 0;
		};
/* End PBXSourcesBuildPhase section */

/* Begin PBXVariantGroup section */
		F48EFB951C575B8B006D2669 /* Main.storyboard */ = {
			isa = PBXVariantGroup;
			children = (
				F48EFB961C575B8B006D2669 /* Base */,
			);
			name = Main.storyboard;
			sourceTree = "<group>";
		};
		F48EFB9A1C575B8B006D2669 /* LaunchScreen.storyboard */ = {
			isa = PBXVariantGroup;
			children = (
				F48EFB9B1C575B8B006D2669 /* Base */,
			);
			name = LaunchScreen.storyboard;
			sourceTree = "<group>";
		};
/* End PBXVariantGroup section */

/* Begin XCBuildConfiguration section */
		F48EFB9E1C575B8B006D2669 /* Debug */ = {
			isa = XCBuildConfiguration;
			buildSettings = {
				ALWAYS_SEARCH_USER_PATHS = NO;
				CLANG_CXX_LANGUAGE_STANDARD = "gnu++0x";
				CLANG_CXX_LIBRARY = "libc++";
				CLANG_ENABLE_MODULES = YES;
				CLANG_ENABLE_OBJC_ARC = YES;
				CLANG_WARN_BOOL_CONVERSION = YES;
				CLANG_WARN_CONSTANT_CONVERSION = YES;
				CLANG_WARN_DIRECT_OBJC_ISA_USAGE = YES_ERROR;
				CLANG_WARN_EMPTY_BODY = YES;
				CLANG_WARN_ENUM_CONVERSION = YES;
				CLANG_WARN_INT_CONVERSION = YES;
				CLANG_WARN_OBJC_ROOT_CLASS = YES_ERROR;
				CLANG_WARN_UNREACHABLE_CODE = YES;
				CLANG_WARN__DUPLICATE_METHOD_MATCH = YES;
				"CODE_SIGN_IDENTITY[sdk=iphoneos*]" = "iPhone Developer";
				COPY_PHASE_STRIP = NO;
				DEBUG_INFORMATION_FORMAT = dwarf;
				ENABLE_STRICT_OBJC_MSGSEND = YES;
				ENABLE_TESTABILITY = YES;
				GCC_C_LANGUAGE_STANDARD = gnu99;
				GCC_DYNAMIC_NO_PIC = NO;
				GCC_NO_COMMON_BLOCKS = YES;
				GCC_OPTIMIZATION_LEVEL = 0;
				GCC_PREPROCESSOR_DEFINITIONS = (
					"DEBUG=1",
					"$(inherited)",
				);
				GCC_WARN_64_TO_32_BIT_CONVERSION = YES;
				GCC_WARN_ABOUT_RETURN_TYPE = YES_ERROR;
				GCC_WARN_UNDECLARED_SELECTOR = YES;
				GCC_WARN_UNINITIALIZED_AUTOS = YES_AGGRESSIVE;
				GCC_WARN_UNUSED_FUNCTION = YES;
				GCC_WARN_UNUSED_VARIABLE = YES;
				IPHONEOS_DEPLOYMENT_TARGET = 9.3;
				MTL_ENABLE_DEBUG_INFO = YES;
				ONLY_ACTIVE_ARCH = YES;
				SDKROOT = iphoneos;
				SWIFT_OPTIMIZATION_LEVEL = "-Onone";
			};
			name = Debug;
		};
		F48EFB9F1C575B8B006D2669 /* Release */ = {
			isa = XCBuildConfiguration;
			buildSettings = {
				ALWAYS_SEARCH_USER_PATHS = NO;
				CLANG_CXX_LANGUAGE_STANDARD = "gnu++0x";
				CLANG_CXX_LIBRARY = "libc++";
				CLANG_ENABLE_MODULES = YES;
				CLANG_ENABLE_OBJC_ARC = YES;
				CLANG_WARN_BOOL_CONVERSION = YES;
				CLANG_WARN_CONSTANT_CONVERSION = YES;
				CLANG_WARN_DIRECT_OBJC_ISA_USAGE = YES_ERROR;
				CLANG_WARN_EMPTY_BODY = YES;
				CLANG_WARN_ENUM_CONVERSION = YES;
				CLANG_WARN_INT_CONVERSION = YES;
				CLANG_WARN_OBJC_ROOT_CLASS = YES_ERROR;
				CLANG_WARN_UNREACHABLE_CODE = YES;
				CLANG_WARN__DUPLICATE_METHOD_MATCH = YES;
				"CODE_SIGN_IDENTITY[sdk=iphoneos*]" = "iPhone Developer";
				COPY_PHASE_STRIP = NO;
				DEBUG_INFORMATION_FORMAT = "dwarf-with-dsym";
				ENABLE_NS_ASSERTIONS = NO;
				ENABLE_STRICT_OBJC_MSGSEND = YES;
				GCC_C_LANGUAGE_STANDARD = gnu99;
				GCC_NO_COMMON_BLOCKS = YES;
				GCC_WARN_64_TO_32_BIT_CONVERSION = YES;
				GCC_WARN_ABOUT_RETURN_TYPE = YES_ERROR;
				GCC_WARN_UNDECLARED_SELECTOR = YES;
				GCC_WARN_UNINITIALIZED_AUTOS = YES_AGGRESSIVE;
				GCC_WARN_UNUSED_FUNCTION = YES;
				GCC_WARN_UNUSED_VARIABLE = YES;
				IPHONEOS_DEPLOYMENT_TARGET = 9.3;
				MTL_ENABLE_DEBUG_INFO = NO;
				SDKROOT = iphoneos;
				VALIDATE_PRODUCT = YES;
			};
			name = Release;
		};
		F48EFBA11C575B8B006D2669 /* Debug */ = {
			isa = XCBuildConfiguration;
			buildSettings = {
				ASSETCATALOG_COMPILER_APPICON_NAME = AppIcon;
				INFOPLIST_FILE = SuperCool/Info.plist;
				LD_RUNPATH_SEARCH_PATHS = "$(inherited) @executable_path/Frameworks";
				PRODUCT_BUNDLE_IDENTIFIER = "com.Thomas-Woodfield.SuperCool.SuperCool";
				PRODUCT_NAME = "$(TARGET_NAME)";
			};
			name = Debug;
		};
		F48EFBA21C575B8B006D2669 /* Release */ = {
			isa = XCBuildConfiguration;
			buildSettings = {
				ASSETCATALOG_COMPILER_APPICON_NAME = AppIcon;
				INFOPLIST_FILE = SuperCool/Info.plist;
				LD_RUNPATH_SEARCH_PATHS = "$(inherited) @executable_path/Frameworks";
				PRODUCT_BUNDLE_IDENTIFIER = "com.Thomas-Woodfield.SuperCool.SuperCool";
				PRODUCT_NAME = "$(TARGET_NAME)";
			};
			name = Release;
		};
/* End XCBuildConfiguration section */

/* Begin XCConfigurationList section */
		F48EFB891C575B8B006D2669 /* Build configuration list for PBXProject "SuperCool" */ = {
			isa = XCConfigurationList;
			buildConfigurations = (
				F48EFB9E1C575B8B006D2669 /* Debug */,
				F48EFB9F1C575B8B006D2669 /* Release */,
			);
			defaultConfigurationIsVisible = 0;
			defaultConfigurationName = Release;
		};
		F48EFBA01C575B8B006D2669 /* Build configuration list for PBXNativeTarget "SuperCool" */ = {
			isa = XCConfigurationList;
			buildConfigurations = (
				F48EFBA11C575B8B006D2669 /* Debug */,
				F48EFBA21C575B8B006D2669 /* Release */,
			);
			defaultConfigurationIsVisible = 0;
		};
/* End XCConfigurationList section */
	};
	rootObject = F48EFB861C575B8B006D2669 /* Project object */;
}
